
Microsoft Visual Studio Solution File, Format Version 12.00
# Visual Studio 15
VisualStudioVersion = 15.0.28307.2017
MinimumVisualStudioVersion = 10.0.40219.1
Project("{FAE04EC0-301F-11D3-BF4B-00C04F79EFBC}") = "Try and Catch", "Try and Catch\Try and Catch.csproj", "{ECFC2F19-43B4-40CC-96F9-F47CBBF7A6BF}"
EndProject
Global
	GlobalSection(SolutionConfigurationPlatforms) = preSolution
		Debug|Any CPU = Debug|Any CPU
		Release|Any CPU = Release|Any CPU
	EndGlobalSection
	GlobalSection(ProjectConfigurationPlatforms) = postSolution
		{ECFC2F19-43B4-40CC-96F9-F47CBBF7A6BF}.Debug|Any CPU.ActiveCfg = Debug|Any CPU
		{ECFC2F19-43B4-40CC-96F9-F47CBBF7A6BF}.Debug|Any CPU.Build.0 = Debug|Any CPU
		{ECFC2F19-43B4-40CC-96F9-F47CBBF7A6BF}.Release|Any CPU.ActiveCfg = Release|Any CPU
		{ECFC2F19-43B4-40CC-96F9-F47CBBF7A6BF}.Release|Any CPU.Build.0 = Release|Any CPU
	EndGlobalSection
	GlobalSection(SolutionProperties) = preSolution
		HideSolutionNode = FALSE
	EndGlobalSection
	GlobalSection(ExtensibilityGlobals) = postSolution
		SolutionGuid = {5A21EAC6-CD0E-45E2-AAC6-15EB21D95A9A}
	EndGlobalSection
EndGlobal
